
Microsoft Visual Studio Solution File, Format Version 12.00
# Visual Studio 2012
Project("{8BC9CEB8-8B4A-11D0-8D11-00A0C91BC942}") = "Lab1", "Lab1\Lab1.vcxproj", "{8A06B271-E23C-4C1B-A6D8-9524118003AE}"
EndProject
Project("{8BC9CEB8-8B4A-11D0-8D11-00A0C91BC942}") = "Lab2", "Lab2\Lab2.vcxproj", "{76304A3E-313F-4374-B990-233E123E7E73}"
EndProject
Project("{8BC9CEB8-8B4A-11D0-8D11-00A0C91BC942}") = "Lab3", "Lab3\Lab3.vcxproj", "{A26DAAD8-4E7D-4ACE-8D26-F1128D19C97E}"
EndProject
Project("{8BC9CEB8-8B4A-11D0-8D11-00A0C91BC942}") = "Lab4", "Lab4\Lab4.vcxproj", "{B15890BD-E5E1-4041-B049-315D425B473D}"
EndProject
Project("{8BC9CEB8-8B4A-11D0-8D11-00A0C91BC942}") = "Lab5", "Lab5\Lab5.vcxproj", "{AF05D114-C9BB-4A5A-94E2-949A1FDAB227}"
EndProject
Project("{8BC9CEB8-8B4A-11D0-8D11-00A0C91BC942}") = "Lab6", "Lab6\Lab6.vcxproj", "{6356FA70-6494-4E7B-8EB2-6A2F0F76920C}"
EndProject
Global
	GlobalSection(SolutionConfigurationPlatforms) = preSolution
		Debug|Win32 = Debug|Win32
		Release|Win32 = Release|Win32
	EndGlobalSection
	GlobalSection(ProjectConfigurationPlatforms) = postSolution
		{8A06B271-E23C-4C1B-A6D8-9524118003AE}.Debug|Win32.ActiveCfg = Debug|Win32
		{8A06B271-E23C-4C1B-A6D8-9524118003AE}.Debug|Win32.Build.0 = Debug|Win32
		{8A06B271-E23C-4C1B-A6D8-9524118003AE}.Release|Win32.ActiveCfg = Release|Win32
		{8A06B271-E23C-4C1B-A6D8-9524118003AE}.Release|Win32.Build.0 = Release|Win32
		{76304A3E-313F-4374-B990-233E123E7E73}.Debug|Win32.ActiveCfg = Debug|Win32
		{76304A3E-313F-4374-B990-233E123E7E73}.Debug|Win32.Build.0 = Debug|Win32
		{76304A3E-313F-4374-B990-233E123E7E73}.Release|Win32.ActiveCfg = Release|Win32
		{76304A3E-313F-4374-B990-233E123E7E73}.Release|Win32.Build.0 = Release|Win32
		{A26DAAD8-4E7D-4ACE-8D26-F1128D19C97E}.Debug|Win32.ActiveCfg = Debug|Win32
		{A26DAAD8-4E7D-4ACE-8D26-F1128D19C97E}.Debug|Win32.Build.0 = Debug|Win32
		{A26DAAD8-4E7D-4ACE-8D26-F1128D19C97E}.Release|Win32.ActiveCfg = Release|Win32
		{A26DAAD8-4E7D-4ACE-8D26-F1128D19C97E}.Release|Win32.Build.0 = Release|Win32
		{B15890BD-E5E1-4041-B049-315D425B473D}.Debug|Win32.ActiveCfg = Debug|Win32
		{B15890BD-E5E1-4041-B049-315D425B473D}.Debug|Win32.Build.0 = Debug|Win32
		{B15890BD-E5E1-4041-B049-315D425B473D}.Release|Win32.ActiveCfg = Release|Win32
		{B15890BD-E5E1-4041-B049-315D425B473D}.Release|Win32.Build.0 = Release|Win32
		{AF05D114-C9BB-4A5A-94E2-949A1FDAB227}.Debug|Win32.ActiveCfg = Debug|Win32
		{AF05D114-C9BB-4A5A-94E2-949A1FDAB227}.Debug|Win32.Build.0 = Debug|Win32
		{AF05D114-C9BB-4A5A-94E2-949A1FDAB227}.Release|Win32.ActiveCfg = Release|Win32
		{AF05D114-C9BB-4A5A-94E2-949A1FDAB227}.Release|Win32.Build.0 = Release|Win32
		{6356FA70-6494-4E7B-8EB2-6A2F0F76920C}.Debug|Win32.ActiveCfg = Debug|Win32
		{6356FA70-6494-4E7B-8EB2-6A2F0F76920C}.Debug|Win32.Build.0 = Debug|Win32
		{6356FA70-6494-4E7B-8EB2-6A2F0F76920C}.Release|Win32.ActiveCfg = Release|Win32
		{6356FA70-6494-4E7B-8EB2-6A2F0F76920C}.Release|Win32.Build.0 = Release|Win32
	EndGlobalSection
	GlobalSection(SolutionProperties) = preSolution
		HideSolutionNode = FALSE
	EndGlobalSection
EndGlobal
